
Microsoft Visual Studio Solution File, Format Version 12.00
# Visual Studio Version 17
VisualStudioVersion = 17.7.34024.191
MinimumVisualStudioVersion = 10.0.40219.1
Project("{FAE04EC0-301F-11D3-BF4B-00C04F79EFBC}") = "BazarBackend", "BazarBackend\BazarBackend.csproj", "{BCE7041E-7E94-4617-AA11-D3E7BCA307E6}"
EndProject
Global
	GlobalSection(SolutionConfigurationPlatforms) = preSolution
		Debug|Any CPU = Debug|Any CPU
		Release|Any CPU = Release|Any CPU
	EndGlobalSection
	GlobalSection(ProjectConfigurationPlatforms) = postSolution
		{BCE7041E-7E94-4617-AA11-D3E7BCA307E6}.Debug|Any CPU.ActiveCfg = Debug|Any CPU
		{BCE7041E-7E94-4617-AA11-D3E7BCA307E6}.Debug|Any CPU.Build.0 = Debug|Any CPU
		{BCE7041E-7E94-4617-AA11-D3E7BCA307E6}.Release|Any CPU.ActiveCfg = Release|Any CPU
		{BCE7041E-7E94-4617-AA11-D3E7BCA307E6}.Release|Any CPU.Build.0 = Release|Any CPU
	EndGlobalSection
	GlobalSection(SolutionProperties) = preSolution
		HideSolutionNode = FALSE
	EndGlobalSection
	GlobalSection(ExtensibilityGlobals) = postSolution
		SolutionGuid = {AD97CF83-A5C2-45FA-AE29-39B00F17645C}
	EndGlobalSection
EndGlobal
